
Microsoft Visual Studio Solution File, Format Version 12.00
# Visual Studio 14
VisualStudioVersion = 14.0.24720.0
MinimumVisualStudioVersion = 10.0.40219.1
Project("{2150E333-8FDC-42A3-9474-1A3956D46DE8}") = "CS.Utility.LogAdapters", "CS.Utility.LogAdapters", "{57BD6AF6-D64F-4F4A-95C5-1C091A1C86C9}"
EndProject
Project("{2150E333-8FDC-42A3-9474-1A3956D46DE8}") = "CS.Utility.Tests", "CS.Utility.Tests", "{28A397B1-B025-4D78-9A28-FE5486B95038}"
EndProject
Project("{FAE04EC0-301F-11D3-BF4B-00C04F79EFBC}") = "CS.Utility", "CS.Utility\CS.Utility.csproj", "{10058F6A-905F-4AFD-83D8-05D6FE7F651D}"
EndProject
Project("{FAE04EC0-301F-11D3-BF4B-00C04F79EFBC}") = "CS.Utility.Log4NetAdapter", "CS.Utility.LogAdapters\CS.Utility.Log4NetAdapter\CS.Utility.Log4NetAdapter.csproj", "{881AAA81-B882-45A6-A305-AE0E83ADD0D4}"
EndProject
Project("{FAE04EC0-301F-11D3-BF4B-00C04F79EFBC}") = "CS.Utility.NLogAdapter", "CS.Utility.LogAdapters\CS.Utility.NLogAdapter\CS.Utility.NLogAdapter.csproj", "{1F832200-BAF8-4D9C-9931-5F96ACC42305}"
EndProject
Project("{FAE04EC0-301F-11D3-BF4B-00C04F79EFBC}") = "CS.UtilityTests", "CS.Utility.Tests\CS.UtilityTests\CS.UtilityTests.csproj", "{774369FE-1B75-4950-AED0-913359270F1A}"
EndProject
Project("{2150E333-8FDC-42A3-9474-1A3956D46DE8}") = "CS.Utility.Demos", "CS.Utility.Demos", "{F67B34FA-8123-4A1E-8013-0B85D91A485A}"
EndProject
Project("{FAE04EC0-301F-11D3-BF4B-00C04F79EFBC}") = "CS.Utility.Log4NetAdapterDemo", "CS.Utility.Demos\CS.Utility.Log4NetAdapterDemo\CS.Utility.Log4NetAdapterDemo.csproj", "{86F4D325-DB0F-45BC-8A61-11B828C2B268}"
EndProject
Project("{FAE04EC0-301F-11D3-BF4B-00C04F79EFBC}") = "CS.Utility.Extension", "CS.Utility.Extension\CS.Utility.Extension.csproj", "{26EDF82E-9DA2-41B5-A28D-00E038C01ECC}"
EndProject
Project("{FAE04EC0-301F-11D3-BF4B-00C04F79EFBC}") = "CS.Utility.Form", "CS.Utility.Form\CS.Utility.Form.csproj", "{911D1916-03ED-4B32-88CD-12EE3CE11AC0}"
EndProject
Project("{FAE04EC0-301F-11D3-BF4B-00C04F79EFBC}") = "CS.Utility.Web", "CS.Utility.Web\CS.Utility.Web.csproj", "{6D2753A2-A75E-46E7-9FC8-6E0D3BAC0068}"
EndProject
Project("{2150E333-8FDC-42A3-9474-1A3956D46DE8}") = "Swap", "Swap", "{28A2AE91-7438-42E5-BF61-89927ECADE2A}"
EndProject
Project("{FAE04EC0-301F-11D3-BF4B-00C04F79EFBC}") = "CSHive", "..\..\CSHive\sources\CSHive\CSHive.csproj", "{F647B933-64CA-473F-945E-6AC0DF657E22}"
EndProject
Global
	GlobalSection(SolutionConfigurationPlatforms) = preSolution
		Debug|Any CPU = Debug|Any CPU
		Release|Any CPU = Release|Any CPU
	EndGlobalSection
	GlobalSection(ProjectConfigurationPlatforms) = postSolution
		{10058F6A-905F-4AFD-83D8-05D6FE7F651D}.Debug|Any CPU.ActiveCfg = Debug|Any CPU
		{10058F6A-905F-4AFD-83D8-05D6FE7F651D}.Debug|Any CPU.Build.0 = Debug|Any CPU
		{10058F6A-905F-4AFD-83D8-05D6FE7F651D}.Release|Any CPU.ActiveCfg = Release|Any CPU
		{10058F6A-905F-4AFD-83D8-05D6FE7F651D}.Release|Any CPU.Build.0 = Release|Any CPU
		{881AAA81-B882-45A6-A305-AE0E83ADD0D4}.Debug|Any CPU.ActiveCfg = Debug|Any CPU
		{881AAA81-B882-45A6-A305-AE0E83ADD0D4}.Debug|Any CPU.Build.0 = Debug|Any CPU
		{881AAA81-B882-45A6-A305-AE0E83ADD0D4}.Release|Any CPU.ActiveCfg = Release|Any CPU
		{881AAA81-B882-45A6-A305-AE0E83ADD0D4}.Release|Any CPU.Build.0 = Release|Any CPU
		{1F832200-BAF8-4D9C-9931-5F96ACC42305}.Debug|Any CPU.ActiveCfg = Debug|Any CPU
		{1F832200-BAF8-4D9C-9931-5F96ACC42305}.Debug|Any CPU.Build.0 = Debug|Any CPU
		{1F832200-BAF8-4D9C-9931-5F96ACC42305}.Release|Any CPU.ActiveCfg = Release|Any CPU
		{1F832200-BAF8-4D9C-9931-5F96ACC42305}.Release|Any CPU.Build.0 = Release|Any CPU
		{774369FE-1B75-4950-AED0-913359270F1A}.Debug|Any CPU.ActiveCfg = Debug|Any CPU
		{774369FE-1B75-4950-AED0-913359270F1A}.Debug|Any CPU.Build.0 = Debug|Any CPU
		{774369FE-1B75-4950-AED0-913359270F1A}.Release|Any CPU.ActiveCfg = Release|Any CPU
		{774369FE-1B75-4950-AED0-913359270F1A}.Release|Any CPU.Build.0 = Release|Any CPU
		{86F4D325-DB0F-45BC-8A61-11B828C2B268}.Debug|Any CPU.ActiveCfg = Debug|Any CPU
		{86F4D325-DB0F-45BC-8A61-11B828C2B268}.Debug|Any CPU.Build.0 = Debug|Any CPU
		{86F4D325-DB0F-45BC-8A61-11B828C2B268}.Release|Any CPU.ActiveCfg = Release|Any CPU
		{86F4D325-DB0F-45BC-8A61-11B828C2B268}.Release|Any CPU.Build.0 = Release|Any CPU
		{26EDF82E-9DA2-41B5-A28D-00E038C01ECC}.Debug|Any CPU.ActiveCfg = Debug|Any CPU
		{26EDF82E-9DA2-41B5-A28D-00E038C01ECC}.Debug|Any CPU.Build.0 = Debug|Any CPU
		{26EDF82E-9DA2-41B5-A28D-00E038C01ECC}.Release|Any CPU.ActiveCfg = Release|Any CPU
		{26EDF82E-9DA2-41B5-A28D-00E038C01ECC}.Release|Any CPU.Build.0 = Release|Any CPU
		{911D1916-03ED-4B32-88CD-12EE3CE11AC0}.Debug|Any CPU.ActiveCfg = Debug|Any CPU
		{911D1916-03ED-4B32-88CD-12EE3CE11AC0}.Debug|Any CPU.Build.0 = Debug|Any CPU
		{911D1916-03ED-4B32-88CD-12EE3CE11AC0}.Release|Any CPU.ActiveCfg = Release|Any CPU
		{911D1916-03ED-4B32-88CD-12EE3CE11AC0}.Release|Any CPU.Build.0 = Release|Any CPU
		{6D2753A2-A75E-46E7-9FC8-6E0D3BAC0068}.Debug|Any CPU.ActiveCfg = Debug|Any CPU
		{6D2753A2-A75E-46E7-9FC8-6E0D3BAC0068}.Debug|Any CPU.Build.0 = Debug|Any CPU
		{6D2753A2-A75E-46E7-9FC8-6E0D3BAC0068}.Release|Any CPU.ActiveCfg = Release|Any CPU
		{6D2753A2-A75E-46E7-9FC8-6E0D3BAC0068}.Release|Any CPU.Build.0 = Release|Any CPU
		{F647B933-64CA-473F-945E-6AC0DF657E22}.Debug|Any CPU.ActiveCfg = Debug|Any CPU
		{F647B933-64CA-473F-945E-6AC0DF657E22}.Debug|Any CPU.Build.0 = Debug|Any CPU
		{F647B933-64CA-473F-945E-6AC0DF657E22}.Release|Any CPU.ActiveCfg = Release|Any CPU
		{F647B933-64CA-473F-945E-6AC0DF657E22}.Release|Any CPU.Build.0 = Release|Any CPU
	EndGlobalSection
	GlobalSection(SolutionProperties) = preSolution
		HideSolutionNode = FALSE
	EndGlobalSection
	GlobalSection(NestedProjects) = preSolution
		{881AAA81-B882-45A6-A305-AE0E83ADD0D4} = {57BD6AF6-D64F-4F4A-95C5-1C091A1C86C9}
		{1F832200-BAF8-4D9C-9931-5F96ACC42305} = {57BD6AF6-D64F-4F4A-95C5-1C091A1C86C9}
		{774369FE-1B75-4950-AED0-913359270F1A} = {28A397B1-B025-4D78-9A28-FE5486B95038}
		{86F4D325-DB0F-45BC-8A61-11B828C2B268} = {F67B34FA-8123-4A1E-8013-0B85D91A485A}
		{F647B933-64CA-473F-945E-6AC0DF657E22} = {28A2AE91-7438-42E5-BF61-89927ECADE2A}
	EndGlobalSection
EndGlobal
